
Microsoft Visual Studio Solution File, Format Version 12.00
# Visual Studio 14
VisualStudioVersion = 14.0.22823.1
MinimumVisualStudioVersion = 10.0.40219.1
Project("{FAE04EC0-301F-11D3-BF4B-00C04F79EFBC}") = "DependencyUpdater", "DependencyUpdater\DependencyUpdater.csproj", "{1C2F1F24-732D-4A75-836C-A1BB6AD9A1F9}"
EndProject
Project("{2150E333-8FDC-42A3-9474-1A3956D46DE8}") = "Items", "Items", "{DB8CFCE8-D0BB-45E3-97EE-0C6358EBD334}"
	ProjectSection(SolutionItems) = preProject
		License.txt = License.txt
	EndProjectSection
EndProject
Global
	GlobalSection(SolutionConfigurationPlatforms) = preSolution
		Debug|Any CPU = Debug|Any CPU
		Release|Any CPU = Release|Any CPU
	EndGlobalSection
	GlobalSection(ProjectConfigurationPlatforms) = postSolution
		{1C2F1F24-732D-4A75-836C-A1BB6AD9A1F9}.Debug|Any CPU.ActiveCfg = Debug|Any CPU
		{1C2F1F24-732D-4A75-836C-A1BB6AD9A1F9}.Debug|Any CPU.Build.0 = Debug|Any CPU
		{1C2F1F24-732D-4A75-836C-A1BB6AD9A1F9}.Release|Any CPU.ActiveCfg = Release|Any CPU
		{1C2F1F24-732D-4A75-836C-A1BB6AD9A1F9}.Release|Any CPU.Build.0 = Release|Any CPU
	EndGlobalSection
	GlobalSection(SolutionProperties) = preSolution
		HideSolutionNode = FALSE
	EndGlobalSection
EndGlobal
